
Microsoft Visual Studio Solution File, Format Version 12.00
# Visual Studio Version 17
VisualStudioVersion = 17.14.36811.4 d17.14
MinimumVisualStudioVersion = 10.0.40219.1
Project("{FAE04EC0-301F-11D3-BF4B-00C04F79EFBC}") = "SimpleCalculatorWinForms", "SimpleCalculatorWinForms.csproj", "{2E3E4716-59E8-4AA0-9BDD-C66D612DB24D}"
EndProject
Global
	GlobalSection(SolutionConfigurationPlatforms) = preSolution
		Debug|Any CPU = Debug|Any CPU
		Release|Any CPU = Release|Any CPU
	EndGlobalSection
	GlobalSection(ProjectConfigurationPlatforms) = postSolution
		{2E3E4716-59E8-4AA0-9BDD-C66D612DB24D}.Debug|Any CPU.ActiveCfg = Debug|Any CPU
		{2E3E4716-59E8-4AA0-9BDD-C66D612DB24D}.Debug|Any CPU.Build.0 = Debug|Any CPU
		{2E3E4716-59E8-4AA0-9BDD-C66D612DB24D}.Release|Any CPU.ActiveCfg = Release|Any CPU
		{2E3E4716-59E8-4AA0-9BDD-C66D612DB24D}.Release|Any CPU.Build.0 = Release|Any CPU
	EndGlobalSection
	GlobalSection(SolutionProperties) = preSolution
		HideSolutionNode = FALSE
	EndGlobalSection
	GlobalSection(ExtensibilityGlobals) = postSolution
		SolutionGuid = {2C030577-43C8-4870-A4AB-24CF89E979D0}
	EndGlobalSection
EndGlobal
